
Microsoft Visual Studio Solution File, Format Version 12.00
# Visual Studio Version 16
VisualStudioVersion = 16.0.28809.33
MinimumVisualStudioVersion = 10.0.40219.1
Project("{8BC9CEB8-8B4A-11D0-8D11-00A0C91BC942}") = "Task1", "Task1\Task1.vcxproj", "{0E343A38-56FF-404A-854A-A98C32522EB2}"
EndProject
Project("{8BC9CEB8-8B4A-11D0-8D11-00A0C91BC942}") = "Task2", "Task2\Task2.vcxproj", "{0619B3CD-FD9F-44BD-80C2-8AEF8C6E0C64}"
EndProject
Global
	GlobalSection(SolutionConfigurationPlatforms) = preSolution
		Debug|x64 = Debug|x64
		Debug|x86 = Debug|x86
		Release|x64 = Release|x64
		Release|x86 = Release|x86
	EndGlobalSection
	GlobalSection(ProjectConfigurationPlatforms) = postSolution
		{0E343A38-56FF-404A-854A-A98C32522EB2}.Debug|x64.ActiveCfg = Debug|x64
		{0E343A38-56FF-404A-854A-A98C32522EB2}.Debug|x64.Build.0 = Debug|x64
		{0E343A38-56FF-404A-854A-A98C32522EB2}.Debug|x86.ActiveCfg = Debug|Win32
		{0E343A38-56FF-404A-854A-A98C32522EB2}.Debug|x86.Build.0 = Debug|Win32
		{0E343A38-56FF-404A-854A-A98C32522EB2}.Release|x64.ActiveCfg = Release|x64
		{0E343A38-56FF-404A-854A-A98C32522EB2}.Release|x64.Build.0 = Release|x64
		{0E343A38-56FF-404A-854A-A98C32522EB2}.Release|x86.ActiveCfg = Release|Win32
		{0E343A38-56FF-404A-854A-A98C32522EB2}.Release|x86.Build.0 = Release|Win32
		{0619B3CD-FD9F-44BD-80C2-8AEF8C6E0C64}.Debug|x64.ActiveCfg = Debug|x64
		{0619B3CD-FD9F-44BD-80C2-8AEF8C6E0C64}.Debug|x64.Build.0 = Debug|x64
		{0619B3CD-FD9F-44BD-80C2-8AEF8C6E0C64}.Debug|x86.ActiveCfg = Debug|Win32
		{0619B3CD-FD9F-44BD-80C2-8AEF8C6E0C64}.Debug|x86.Build.0 = Debug|Win32
		{0619B3CD-FD9F-44BD-80C2-8AEF8C6E0C64}.Release|x64.ActiveCfg = Release|x64
		{0619B3CD-FD9F-44BD-80C2-8AEF8C6E0C64}.Release|x64.Build.0 = Release|x64
		{0619B3CD-FD9F-44BD-80C2-8AEF8C6E0C64}.Release|x86.ActiveCfg = Release|Win32
		{0619B3CD-FD9F-44BD-80C2-8AEF8C6E0C64}.Release|x86.Build.0 = Release|Win32
	EndGlobalSection
	GlobalSection(SolutionProperties) = preSolution
		HideSolutionNode = FALSE
	EndGlobalSection
	GlobalSection(ExtensibilityGlobals) = postSolution
		SolutionGuid = {7BA8BBD7-3155-485A-B8E0-4879A71F34DA}
	EndGlobalSection
EndGlobal
